
Microsoft Visual Studio Solution File, Format Version 12.00
# Visual Studio Version 17
VisualStudioVersion = 17.1.32228.430
MinimumVisualStudioVersion = 10.0.40219.1
Project("{9A19103F-16F7-4668-BE54-9A1E7A4F7556}") = "FileSystem.GrpcServer", "FileSystem.GrcpServer\FileSystem.GrpcServer.csproj", "{B48BEDDF-7D01-4743-B32E-4E30A257B145}"
EndProject
Project("{2150E333-8FDC-42A3-9474-1A3956D46DE8}") = "Source", "Source", "{E747007C-9F6C-485F-B67B-34D04722A0E5}"
EndProject
Project("{2150E333-8FDC-42A3-9474-1A3956D46DE8}") = "Tests", "Tests", "{18578CEA-77D2-4CBE-946A-6A19EBC40DCF}"
EndProject
Project("{9A19103F-16F7-4668-BE54-9A1E7A4F7556}") = "FileSystem.Core", "FileSystem.Core\FileSystem.Core.csproj", "{6ED074EA-1438-44CE-8532-A94A89ED8093}"
EndProject
Project("{9A19103F-16F7-4668-BE54-9A1E7A4F7556}") = "FileSystem.Infrastructure", "FileSystem.Infrastructure\FileSystem.Infrastructure.csproj", "{1D60B7EB-80B0-4773-8433-3E87B20D73F0}"
EndProject
Project("{9A19103F-16F7-4668-BE54-9A1E7A4F7556}") = "FileSystem.GrpcClient", "FileSystem.GrpcClient\FileSystem.GrpcClient.csproj", "{65F09A00-23B4-4FFA-B746-2ED28573EEAC}"
EndProject
Project("{00D1A9C2-B5F0-4AF3-8072-F6C62B433612}") = "FileSystem.SqlServer", "FileSystem.SqlServer\FileSystem.SqlServer.sqlproj", "{FF56935D-D446-4010-9CD4-34467BCEAC3C}"
EndProject
Project("{9A19103F-16F7-4668-BE54-9A1E7A4F7556}") = "FileSystem.EF", "FileSystem.EF\FileSystem.EF.csproj", "{B3FC1957-A6C4-436F-831D-F0ACF5BAB73A}"
EndProject
Project("{2150E333-8FDC-42A3-9474-1A3956D46DE8}") = "Solution Items", "Solution Items", "{A28A7EDE-E8E2-4490-AB9C-EB0CEB738294}"
	ProjectSection(SolutionItems) = preProject
		.editorconfig = .editorconfig
	EndProjectSection
EndProject
Project("{9A19103F-16F7-4668-BE54-9A1E7A4F7556}") = "FileSystem.API", "FileSystem.API\FileSystem.API.csproj", "{A19B929F-9B72-4CCC-9D8F-6C28AB602B34}"
EndProject
Global
	GlobalSection(SolutionConfigurationPlatforms) = preSolution
		Debug|Any CPU = Debug|Any CPU
		Release|Any CPU = Release|Any CPU
	EndGlobalSection
	GlobalSection(ProjectConfigurationPlatforms) = postSolution
		{B48BEDDF-7D01-4743-B32E-4E30A257B145}.Debug|Any CPU.ActiveCfg = Debug|Any CPU
		{B48BEDDF-7D01-4743-B32E-4E30A257B145}.Debug|Any CPU.Build.0 = Debug|Any CPU
		{B48BEDDF-7D01-4743-B32E-4E30A257B145}.Release|Any CPU.ActiveCfg = Release|Any CPU
		{B48BEDDF-7D01-4743-B32E-4E30A257B145}.Release|Any CPU.Build.0 = Release|Any CPU
		{6ED074EA-1438-44CE-8532-A94A89ED8093}.Debug|Any CPU.ActiveCfg = Debug|Any CPU
		{6ED074EA-1438-44CE-8532-A94A89ED8093}.Debug|Any CPU.Build.0 = Debug|Any CPU
		{6ED074EA-1438-44CE-8532-A94A89ED8093}.Release|Any CPU.ActiveCfg = Release|Any CPU
		{6ED074EA-1438-44CE-8532-A94A89ED8093}.Release|Any CPU.Build.0 = Release|Any CPU
		{1D60B7EB-80B0-4773-8433-3E87B20D73F0}.Debug|Any CPU.ActiveCfg = Debug|Any CPU
		{1D60B7EB-80B0-4773-8433-3E87B20D73F0}.Debug|Any CPU.Build.0 = Debug|Any CPU
		{1D60B7EB-80B0-4773-8433-3E87B20D73F0}.Release|Any CPU.ActiveCfg = Release|Any CPU
		{1D60B7EB-80B0-4773-8433-3E87B20D73F0}.Release|Any CPU.Build.0 = Release|Any CPU
		{65F09A00-23B4-4FFA-B746-2ED28573EEAC}.Debug|Any CPU.ActiveCfg = Debug|Any CPU
		{65F09A00-23B4-4FFA-B746-2ED28573EEAC}.Debug|Any CPU.Build.0 = Debug|Any CPU
		{65F09A00-23B4-4FFA-B746-2ED28573EEAC}.Release|Any CPU.ActiveCfg = Release|Any CPU
		{65F09A00-23B4-4FFA-B746-2ED28573EEAC}.Release|Any CPU.Build.0 = Release|Any CPU
		{FF56935D-D446-4010-9CD4-34467BCEAC3C}.Debug|Any CPU.ActiveCfg = Debug|Any CPU
		{FF56935D-D446-4010-9CD4-34467BCEAC3C}.Debug|Any CPU.Build.0 = Debug|Any CPU
		{FF56935D-D446-4010-9CD4-34467BCEAC3C}.Debug|Any CPU.Deploy.0 = Debug|Any CPU
		{FF56935D-D446-4010-9CD4-34467BCEAC3C}.Release|Any CPU.ActiveCfg = Release|Any CPU
		{FF56935D-D446-4010-9CD4-34467BCEAC3C}.Release|Any CPU.Build.0 = Release|Any CPU
		{FF56935D-D446-4010-9CD4-34467BCEAC3C}.Release|Any CPU.Deploy.0 = Release|Any CPU
		{B3FC1957-A6C4-436F-831D-F0ACF5BAB73A}.Debug|Any CPU.ActiveCfg = Debug|Any CPU
		{B3FC1957-A6C4-436F-831D-F0ACF5BAB73A}.Debug|Any CPU.Build.0 = Debug|Any CPU
		{B3FC1957-A6C4-436F-831D-F0ACF5BAB73A}.Release|Any CPU.ActiveCfg = Release|Any CPU
		{B3FC1957-A6C4-436F-831D-F0ACF5BAB73A}.Release|Any CPU.Build.0 = Release|Any CPU
		{A19B929F-9B72-4CCC-9D8F-6C28AB602B34}.Debug|Any CPU.ActiveCfg = Debug|Any CPU
		{A19B929F-9B72-4CCC-9D8F-6C28AB602B34}.Debug|Any CPU.Build.0 = Debug|Any CPU
		{A19B929F-9B72-4CCC-9D8F-6C28AB602B34}.Release|Any CPU.ActiveCfg = Release|Any CPU
		{A19B929F-9B72-4CCC-9D8F-6C28AB602B34}.Release|Any CPU.Build.0 = Release|Any CPU
	EndGlobalSection
	GlobalSection(SolutionProperties) = preSolution
		HideSolutionNode = FALSE
	EndGlobalSection
	GlobalSection(NestedProjects) = preSolution
		{B48BEDDF-7D01-4743-B32E-4E30A257B145} = {E747007C-9F6C-485F-B67B-34D04722A0E5}
		{6ED074EA-1438-44CE-8532-A94A89ED8093} = {E747007C-9F6C-485F-B67B-34D04722A0E5}
		{1D60B7EB-80B0-4773-8433-3E87B20D73F0} = {E747007C-9F6C-485F-B67B-34D04722A0E5}
		{65F09A00-23B4-4FFA-B746-2ED28573EEAC} = {E747007C-9F6C-485F-B67B-34D04722A0E5}
		{FF56935D-D446-4010-9CD4-34467BCEAC3C} = {E747007C-9F6C-485F-B67B-34D04722A0E5}
		{B3FC1957-A6C4-436F-831D-F0ACF5BAB73A} = {E747007C-9F6C-485F-B67B-34D04722A0E5}
		{A19B929F-9B72-4CCC-9D8F-6C28AB602B34} = {E747007C-9F6C-485F-B67B-34D04722A0E5}
	EndGlobalSection
	GlobalSection(ExtensibilityGlobals) = postSolution
		SolutionGuid = {09CA7404-D36A-4BDD-8790-4D0FBF961CE7}
	EndGlobalSection
EndGlobal
